{
  "items": {
    "scaffold-float": {
      "files": {
        "src/lib/ui/scaffold-float.svelte": "fc9a61b5b96dc353b06dfec7bb2fdda89673591c131b59cb41233790bc83d4ef"
      }
    },
    "terminal-header": {
      "files": {
        "src/lib/ui/terminal-header.svelte": "89d11c957078d8eab9a4274cca9e9e749d6dbbac03e55bfb2bb999526a10d773"
      }
    },
    "terminal-footer": {
      "files": {
        "src/lib/ui/terminal-footer.svelte": "de2ba8888036a29795ae65598414612b57b3a9365d7ff01ab930fa61ee6cc6f9"
      }
    },
    "theme-toggle": {
      "files": {
        "src/lib/ui/theme-toggle.svelte": "d874234c1b407e194dd265c242f32cf5f44d047185e60245235d869260206bdd"
      }
    },
    "language-switcher": {
      "files": {
        "src/lib/ui/language-switcher.svelte": "4c592f2d7f74a3c4fbff8e17b3abf6f68c8f458df15e64d6f3681517e2a44618"
      }
    },
    "card-grid": {
      "files": {
        "src/lib/ui/card-grid.svelte": "8d565c865b21e2f12bc20dc683443ca8098bf82871adbac3d6af0c1e413a6eda"
      }
    }
  }
}
