{
  "items": {
    "scaffold-float": {
      "files": {
        "src/lib/ui/scaffold-float.svelte": "afc2b56183015c1708ac424c12405a1175dddc56a9ae1b6b1e205050fe4e1ca5"
      }
    },
    "terminal-header": {
      "files": {
        "src/lib/ui/terminal-header.svelte": "dbb9cd854df8ee774380fd350d9691edb84fd23f161b6eeb4b561f449278a09d"
      }
    },
    "terminal-footer": {
      "files": {
        "src/lib/ui/terminal-footer.svelte": "529d622ab0c6e56db3b5a823e4c951c7d60b588652ac21797a969381c4d72c01"
      }
    },
    "theme-toggle": {
      "files": {
        "src/lib/ui/theme-toggle.svelte": "d874234c1b407e194dd265c242f32cf5f44d047185e60245235d869260206bdd"
      }
    },
    "language-switcher": {
      "files": {
        "src/lib/ui/language-switcher.svelte": "4c592f2d7f74a3c4fbff8e17b3abf6f68c8f458df15e64d6f3681517e2a44618"
      }
    },
    "card-grid": {
      "files": {
        "src/lib/ui/card-grid.svelte": "8d565c865b21e2f12bc20dc683443ca8098bf82871adbac3d6af0c1e413a6eda"
      }
    }
  }
}
