# This file is automatically @generated by Cargo.
# It is not intended for manual editing.
version = 4

[[package]]
name = "betlang"
version = "0.1.1"
source = "registry+https://github.com/rust-lang/crates.io-index"
checksum = "5f89b0929539eaee70109704ae4e345df438be6ab02e4dc8ac060e05098ad1b7"
dependencies = [
 "fearless_simd",
]

[[package]]
name = "betlang-wasm"
version = "0.1.1"
dependencies = [
 "betlang",
 "fearless_simd",
]

[[package]]
name = "fearless_simd"
version = "0.4.0"
source = "registry+https://github.com/rust-lang/crates.io-index"
checksum = "76258897e51fd156ee03b6246ea53f3e0eb395d0b327e9961c4fc4c8b2fa151a"
